// !$*UTF8*$!
{
	archiveVersion = 1;
	classes = {
	};
	objectVersion = 50;
	objects = {

/* Begin PBXBuildFile section */
		0928BB1D23D7EEB20098FB9B /* AppDelegate.swift in Sources */ = {isa = PBXBuildFile; fileRef = 0928BB1C23D7EEB20098FB9B /* AppDelegate.swift */; };
		0928BB1F23D7EEB20098FB9B /* SceneDelegate.swift in Sources */ = {isa = PBXBuildFile; fileRef = 0928BB1E23D7EEB20098FB9B /* SceneDelegate.swift */; };
		0928BB2123D7EEB20098FB9B /* ViewController.swift in Sources */ = {isa = PBXBuildFile; fileRef = 0928BB2023D7EEB20098FB9B /* ViewController.swift */; };
		0928BB2423D7EEB20098FB9B /* Main.storyboard in Resources */ = {isa = PBXBuildFile; fileRef = 0928BB2223D7EEB20098FB9B /* Main.storyboard */; };
		0928BB2623D7EEB40098FB9B /* Assets.xcassets in Resources */ = {isa = PBXBuildFile; fileRef = 0928BB2523D7EEB40098FB9B /* Assets.xcassets */; };
		0928BB2923D7EEB40098FB9B /* LaunchScreen.storyboard in Resources */ = {isa = PBXBuildFile; fileRef = 0928BB2723D7EEB40098FB9B /* LaunchScreen.storyboard */; };
		0928BB3423D7EEB40098FB9B /* SwiftStructuresTests.swift in Sources */ = {isa = PBXBuildFile; fileRef = 0928BB3323D7EEB40098FB9B /* SwiftStructuresTests.swift */; };
		0928BB4023D7EF070098FB9B /* SinglyLinkedList.swift in Sources */ = {isa = PBXBuildFile; fileRef = 0928BB3F23D7EF070098FB9B /* SinglyLinkedList.swift */; };
		0928BB4223D8ACE10098FB9B /* SinglyLinkedListTests.swift in Sources */ = {isa = PBXBuildFile; fileRef = 0928BB4123D8ACE10098FB9B /* SinglyLinkedListTests.swift */; };
/* End PBXBuildFile section */

/* Begin PBXContainerItemProxy section */
		0928BB3023D7EEB40098FB9B /* PBXContainerItemProxy */ = {
			isa = PBXContainerItemProxy;
			containerPortal = 0928BB1123D7EEB20098FB9B /* Project object */;
			proxyType = 1;
			remoteGlobalIDString = 0928BB1823D7EEB20098FB9B;
			remoteInfo = SwiftStructures;
		};
/* End PBXContainerItemProxy section */

/* Begin PBXFileReference section */
		0928BB1923D7EEB20098FB9B /* SwiftStructures.app */ = {isa = PBXFileReference; explicitFileType = wrapper.application; includeInIndex = 0; path = SwiftStructures.app; sourceTree = BUILT_PRODUCTS_DIR; };
		0928BB1C23D7EEB20098FB9B /* AppDelegate.swift */ = {isa = PBXFileReference; lastKnownFileType = sourcecode.swift; path = AppDelegate.swift; sourceTree = "<group>"; };
		0928BB1E23D7EEB20098FB9B /* SceneDelegate.swift */ = {isa = PBXFileReference; lastKnownFileType = sourcecode.swift; path = SceneDelegate.swift; sourceTree = "<group>"; };
		0928BB2023D7EEB20098FB9B /* ViewController.swift */ = {isa = PBXFileReference; lastKnownFileType = sourcecode.swift; path = ViewController.swift; sourceTree = "<group>"; };
		0928BB2323D7EEB20098FB9B /* Base */ = {isa = PBXFileReference; lastKnownFileType = file.storyboard; name = Base; path = Base.lproj/Main.storyboard; sourceTree = "<group>"; };
		0928BB2523D7EEB40098FB9B /* Assets.xcassets */ = {isa = PBXFileReference; lastKnownFileType = folder.assetcatalog; path = Assets.xcassets; sourceTree = "<group>"; };
		0928BB2823D7EEB40098FB9B /* Base */ = {isa = PBXFileReference; lastKnownFileType = file.storyboard; name = Base; path = Base.lproj/LaunchScreen.storyboard; sourceTree = "<group>"; };
		0928BB2A23D7EEB40098FB9B /* Info.plist */ = {isa = PBXFileReference; lastKnownFileType = text.plist.xml; path = Info.plist; sourceTree = "<group>"; };
		0928BB2F23D7EEB40098FB9B /* SwiftStructuresTests.xctest */ = {isa = PBXFileReference; explicitFileType = wrapper.cfbundle; includeInIndex = 0; path = SwiftStructuresTests.xctest; sourceTree = BUILT_PRODUCTS_DIR; };
		0928BB3323D7EEB40098FB9B /* SwiftStructuresTests.swift */ = {isa = PBXFileReference; lastKnownFileType = sourcecode.swift; path = SwiftStructuresTests.swift; sourceTree = "<group>"; };
		0928BB3523D7EEB40098FB9B /* Info.plist */ = {isa = PBXFileReference; lastKnownFileType = text.plist.xml; path = Info.plist; sourceTree = "<group>"; };
		0928BB3F23D7EF070098FB9B /* SinglyLinkedList.swift */ = {isa = PBXFileReference; lastKnownFileType = sourcecode.swift; path = SinglyLinkedList.swift; sourceTree = "<group>"; };
		0928BB4123D8ACE10098FB9B /* SinglyLinkedListTests.swift */ = {isa = PBXFileReference; lastKnownFileType = sourcecode.swift; path = SinglyLinkedListTests.swift; sourceTree = "<group>"; };
/* End PBXFileReference section */

/* Begin PBXFrameworksBuildPhase section */
		0928BB1623D7EEB20098FB9B /* Frameworks */ = {
			isa = PBXFrameworksBuildPhase;
			buildActionMask = 2147483647;
			files = (
			);
			runOnlyForDeploymentPostprocessing = 0;
		};
		0928BB2C23D7EEB40098FB9B /* Frameworks */ = {
			isa = PBXFrameworksBuildPhase;
			buildActionMask = 2147483647;
			files = (
			);
			runOnlyForDeploymentPostprocessing = 0;
		};
/* End PBXFrameworksBuildPhase section */

/* Begin PBXGroup section */
		0928BB1023D7EEB20098FB9B = {
			isa = PBXGroup;
			children = (
				0928BB1B23D7EEB20098FB9B /* SwiftStructures */,
				0928BB3E23D7EEDB0098FB9B /* Source */,
				0928BB3223D7EEB40098FB9B /* SwiftStructuresTests */,
				0928BB1A23D7EEB20098FB9B /* Products */,
			);
			sourceTree = "<group>";
		};
		0928BB1A23D7EEB20098FB9B /* Products */ = {
			isa = PBXGroup;
			children = (
				0928BB1923D7EEB20098FB9B /* SwiftStructures.app */,
				0928BB2F23D7EEB40098FB9B /* SwiftStructuresTests.xctest */,
			);
			name = Products;
			sourceTree = "<group>";
		};
		0928BB1B23D7EEB20098FB9B /* SwiftStructures */ = {
			isa = PBXGroup;
			children = (
				0928BB1C23D7EEB20098FB9B /* AppDelegate.swift */,
				0928BB1E23D7EEB20098FB9B /* SceneDelegate.swift */,
				0928BB2023D7EEB20098FB9B /* ViewController.swift */,
				0928BB2223D7EEB20098FB9B /* Main.storyboard */,
				0928BB2523D7EEB40098FB9B /* Assets.xcassets */,
				0928BB2723D7EEB40098FB9B /* LaunchScreen.storyboard */,
				0928BB2A23D7EEB40098FB9B /* Info.plist */,
			);
			path = SwiftStructures;
			sourceTree = "<group>";
		};
		0928BB3223D7EEB40098FB9B /* SwiftStructuresTests */ = {
			isa = PBXGroup;
			children = (
				0928BB3323D7EEB40098FB9B /* SwiftStructuresTests.swift */,
				0928BB4123D8ACE10098FB9B /* SinglyLinkedListTests.swift */,
				0928BB3523D7EEB40098FB9B /* Info.plist */,
			);
			path = SwiftStructuresTests;
			sourceTree = "<group>";
		};
		0928BB3E23D7EEDB0098FB9B /* Source */ = {
			isa = PBXGroup;
			children = (
				0928BB3F23D7EF070098FB9B /* SinglyLinkedList.swift */,
			);
			path = Source;
			sourceTree = "<group>";
		};
/* End PBXGroup section */

/* Begin PBXNativeTarget section */
		0928BB1823D7EEB20098FB9B /* SwiftStructures */ = {
			isa = PBXNativeTarget;
			buildConfigurationList = 0928BB3823D7EEB40098FB9B /* Build configuration list for PBXNativeTarget "SwiftStructures" */;
			buildPhases = (
				0928BB1523D7EEB20098FB9B /* Sources */,
				0928BB1623D7EEB20098FB9B /* Frameworks */,
				0928BB1723D7EEB20098FB9B /* Resources */,
			);
			buildRules = (
			);
			dependencies = (
			);
			name = SwiftStructures;
			productName = SwiftStructures;
			productReference = 0928BB1923D7EEB20098FB9B /* SwiftStructures.app */;
			productType = "com.apple.product-type.application";
		};
		0928BB2E23D7EEB40098FB9B /* SwiftStructuresTests */ = {
			isa = PBXNativeTarget;
			buildConfigurationList = 0928BB3B23D7EEB40098FB9B /* Build configuration list for PBXNativeTarget "SwiftStructuresTests" */;
			buildPhases = (
				0928BB2B23D7EEB40098FB9B /* Sources */,
				0928BB2C23D7EEB40098FB9B /* Frameworks */,
				0928BB2D23D7EEB40098FB9B /* Resources */,
			);
			buildRules = (
			);
			dependencies = (
				0928BB3123D7EEB40098FB9B /* PBXTargetDependency */,
			);
			name = SwiftStructuresTests;
			productName = SwiftStructuresTests;
			productReference = 0928BB2F23D7EEB40098FB9B /* SwiftStructuresTests.xctest */;
			productType = "com.apple.product-type.bundle.unit-test";
		};
/* End PBXNativeTarget section */

/* Begin PBXProject section */
		0928BB1123D7EEB20098FB9B /* Project object */ = {
			isa = PBXProject;
			attributes = {
				LastSwiftUpdateCheck = 1130;
				LastUpgradeCheck = 1130;
				ORGANIZATIONNAME = "Jake Hawken";
				TargetAttributes = {
					0928BB1823D7EEB20098FB9B = {
						CreatedOnToolsVersion = 11.3;
					};
					0928BB2E23D7EEB40098FB9B = {
						CreatedOnToolsVersion = 11.3;
						TestTargetID = 0928BB1823D7EEB20098FB9B;
					};
				};
			};
			buildConfigurationList = 0928BB1423D7EEB20098FB9B /* Build configuration list for PBXProject "SwiftStructures" */;
			compatibilityVersion = "Xcode 9.3";
			developmentRegion = en;
			hasScannedForEncodings = 0;
			knownRegions = (
				en,
				Base,
			);
			mainGroup = 0928BB1023D7EEB20098FB9B;
			productRefGroup = 0928BB1A23D7EEB20098FB9B /* Products */;
			projectDirPath = "";
			projectRoot = "";
			targets = (
				0928BB1823D7EEB20098FB9B /* SwiftStructures */,
				0928BB2E23D7EEB40098FB9B /* SwiftStructuresTests */,
			);
		};
/* End PBXProject section */

/* Begin PBXResourcesBuildPhase section */
		0928BB1723D7EEB20098FB9B /* Resources */ = {
			isa = PBXResourcesBuildPhase;
			buildActionMask = 2147483647;
			files = (
				0928BB2923D7EEB40098FB9B /* LaunchScreen.storyboard in Resources */,
				0928BB2623D7EEB40098FB9B /* Assets.xcassets in Resources */,
				0928BB2423D7EEB20098FB9B /* Main.storyboard in Resources */,
			);
			runOnlyForDeploymentPostprocessing = 0;
		};
		0928BB2D23D7EEB40098FB9B /* Resources */ = {
			isa = PBXResourcesBuildPhase;
			buildActionMask = 2147483647;
			files = (
			);
			runOnlyForDeploymentPostprocessing = 0;
		};
/* End PBXResourcesBuildPhase section */

/* Begin PBXSourcesBuildPhase section */
		0928BB1523D7EEB20098FB9B /* Sources */ = {
			isa = PBXSourcesBuildPhase;
			buildActionMask = 2147483647;
			files = (
				0928BB2123D7EEB20098FB9B /* ViewController.swift in Sources */,
				0928BB1D23D7EEB20098FB9B /* AppDelegate.swift in Sources */,
				0928BB4023D7EF070098FB9B /* SinglyLinkedList.swift in Sources */,
				0928BB1F23D7EEB20098FB9B /* SceneDelegate.swift in Sources */,
			);
			runOnlyForDeploymentPostprocessing = 0;
		};
		0928BB2B23D7EEB40098FB9B /* Sources */ = {
			isa = PBXSourcesBuildPhase;
			buildActionMask = 2147483647;
			files = (
				0928BB4223D8ACE10098FB9B /* SinglyLinkedListTests.swift in Sources */,
				0928BB3423D7EEB40098FB9B /* SwiftStructuresTests.swift in Sources */,
			);
			runOnlyForDeploymentPostprocessing = 0;
		};
/* End PBXSourcesBuildPhase section */

/* Begin PBXTargetDependency section */
		0928BB3123D7EEB40098FB9B /* PBXTargetDependency */ = {
			isa = PBXTargetDependency;
			target = 0928BB1823D7EEB20098FB9B /* SwiftStructures */;
			targetProxy = 0928BB3023D7EEB40098FB9B /* PBXContainerItemProxy */;
		};
/* End PBXTargetDependency section */

/* Begin PBXVariantGroup section */
		0928BB2223D7EEB20098FB9B /* Main.storyboard */ = {
			isa = PBXVariantGroup;
			children = (
				0928BB2323D7EEB20098FB9B /* Base */,
			);
			name = Main.storyboard;
			sourceTree = "<group>";
		};
		0928BB2723D7EEB40098FB9B /* LaunchScreen.storyboard */ = {
			isa = PBXVariantGroup;
			children = (
				0928BB2823D7EEB40098FB9B /* Base */,
			);
			name = LaunchScreen.storyboard;
			sourceTree = "<group>";
		};
/* End PBXVariantGroup section */

/* Begin XCBuildConfiguration section */
		0928BB3623D7EEB40098FB9B /* Debug */ = {
			isa = XCBuildConfiguration;
			buildSettings = {
				ALWAYS_SEARCH_USER_PATHS = NO;
				CLANG_ANALYZER_NONNULL = YES;
				CLANG_ANALYZER_NUMBER_OBJECT_CONVERSION = YES_AGGRESSIVE;
				CLANG_CXX_LANGUAGE_STANDARD = "gnu++14";
				CLANG_CXX_LIBRARY = "libc++";
				CLANG_ENABLE_MODULES = YES;
				CLANG_ENABLE_OBJC_ARC = YES;
				CLANG_ENABLE_OBJC_WEAK = YES;
				CLANG_WARN_BLOCK_CAPTURE_AUTORELEASING = YES;
				CLANG_WARN_BOOL_CONVERSION = YES;
				CLANG_WARN_COMMA = YES;
				CLANG_WARN_CONSTANT_CONVERSION = YES;
				CLANG_WARN_DEPRECATED_OBJC_IMPLEMENTATIONS = YES;
				CLANG_WARN_DIRECT_OBJC_ISA_USAGE = YES_ERROR;
				CLANG_WARN_DOCUMENTATION_COMMENTS = YES;
				CLANG_WARN_EMPTY_BODY = YES;
				CLANG_WARN_ENUM_CONVERSION = YES;
				CLANG_WARN_INFINITE_RECURSION = YES;
				CLANG_WARN_INT_CONVERSION = YES;
				CLANG_WARN_NON_LITERAL_NULL_CONVERSION = YES;
				CLANG_WARN_OBJC_IMPLICIT_RETAIN_SELF = YES;
				CLANG_WARN_OBJC_LITERAL_CONVERSION = YES;
				CLANG_WARN_OBJC_ROOT_CLASS = YES_ERROR;
				CLANG_WARN_RANGE_LOOP_ANALYSIS = YES;
				CLANG_WARN_STRICT_PROTOTYPES = YES;
				CLANG_WARN_SUSPICIOUS_MOVE = YES;
				CLANG_WARN_UNGUARDED_AVAILABILITY = YES_AGGRESSIVE;
				CLANG_WARN_UNREACHABLE_CODE = YES;
				CLANG_WARN__DUPLICATE_METHOD_MATCH = YES;
				COPY_PHASE_STRIP = NO;
				DEBUG_INFORMATION_FORMAT = dwarf;
				ENABLE_STRICT_OBJC_MSGSEND = YES;
				ENABLE_TESTABILITY = YES;
				GCC_C_LANGUAGE_STANDARD = gnu11;
				GCC_DYNAMIC_NO_PIC = NO;
				GCC_NO_COMMON_BLOCKS = YES;
				GCC_OPTIMIZATION_LEVEL = 0;
				GCC_PREPROCESSOR_DEFINITIONS = (
					"DEBUG=1",
					"$(inherited)",
				);
				GCC_WARN_64_TO_32_BIT_CONVERSION = YES;
				GCC_WARN_ABOUT_RETURN_TYPE = YES_ERROR;
				GCC_WARN_UNDECLARED_SELECTOR = YES;
				GCC_WARN_UNINITIALIZED_AUTOS = YES_AGGRESSIVE;
				GCC_WARN_UNUSED_FUNCTION = YES;
				GCC_WARN_UNUSED_VARIABLE = YES;
				IPHONEOS_DEPLOYMENT_TARGET = 13.2;
				MTL_ENABLE_DEBUG_INFO = INCLUDE_SOURCE;
				MTL_FAST_MATH = YES;
				ONLY_ACTIVE_ARCH = YES;
				SDKROOT = iphoneos;
				SWIFT_ACTIVE_COMPILATION_CONDITIONS = DEBUG;
				SWIFT_OPTIMIZATION_LEVEL = "-Onone";
			};
			name = Debug;
		};
		0928BB3723D7EEB40098FB9B /* Release */ = {
			isa = XCBuildConfiguration;
			buildSettings = {
				ALWAYS_SEARCH_USER_PATHS = NO;
				CLANG_ANALYZER_NONNULL = YES;
				CLANG_ANALYZER_NUMBER_OBJECT_CONVERSION = YES_AGGRESSIVE;
				CLANG_CXX_LANGUAGE_STANDARD = "gnu++14";
				CLANG_CXX_LIBRARY = "libc++";
				CLANG_ENABLE_MODULES = YES;
				CLANG_ENABLE_OBJC_ARC = YES;
				CLANG_ENABLE_OBJC_WEAK = YES;
				CLANG_WARN_BLOCK_CAPTURE_AUTORELEASING = YES;
				CLANG_WARN_BOOL_CONVERSION = YES;
				CLANG_WARN_COMMA = YES;
				CLANG_WARN_CONSTANT_CONVERSION = YES;
				CLANG_WARN_DEPRECATED_OBJC_IMPLEMENTATIONS = YES;
				CLANG_WARN_DIRECT_OBJC_ISA_USAGE = YES_ERROR;
				CLANG_WARN_DOCUMENTATION_COMMENTS = YES;
				CLANG_WARN_EMPTY_BODY = YES;
				CLANG_WARN_ENUM_CONVERSION = YES;
				CLANG_WARN_INFINITE_RECURSION = YES;
				CLANG_WARN_INT_CONVERSION = YES;
				CLANG_WARN_NON_LITERAL_NULL_CONVERSION = YES;
				CLANG_WARN_OBJC_IMPLICIT_RETAIN_SELF = YES;
				CLANG_WARN_OBJC_LITERAL_CONVERSION = YES;
				CLANG_WARN_OBJC_ROOT_CLASS = YES_ERROR;
				CLANG_WARN_RANGE_LOOP_ANALYSIS = YES;
				CLANG_WARN_STRICT_PROTOTYPES = YES;
				CLANG_WARN_SUSPICIOUS_MOVE = YES;
				CLANG_WARN_UNGUARDED_AVAILABILITY = YES_AGGRESSIVE;
				CLANG_WARN_UNREACHABLE_CODE = YES;
				CLANG_WARN__DUPLICATE_METHOD_MATCH = YES;
				COPY_PHASE_STRIP = NO;
				DEBUG_INFORMATION_FORMAT = "dwarf-with-dsym";
				ENABLE_NS_ASSERTIONS = NO;
				ENABLE_STRICT_OBJC_MSGSEND = YES;
				GCC_C_LANGUAGE_STANDARD = gnu11;
				GCC_NO_COMMON_BLOCKS = YES;
				GCC_WARN_64_TO_32_BIT_CONVERSION = YES;
				GCC_WARN_ABOUT_RETURN_TYPE = YES_ERROR;
				GCC_WARN_UNDECLARED_SELECTOR = YES;
				GCC_WARN_UNINITIALIZED_AUTOS = YES_AGGRESSIVE;
				GCC_WARN_UNUSED_FUNCTION = YES;
				GCC_WARN_UNUSED_VARIABLE = YES;
				IPHONEOS_DEPLOYMENT_TARGET = 13.2;
				MTL_ENABLE_DEBUG_INFO = NO;
				MTL_FAST_MATH = YES;
				SDKROOT = iphoneos;
				SWIFT_COMPILATION_MODE = wholemodule;
				SWIFT_OPTIMIZATION_LEVEL = "-O";
				VALIDATE_PRODUCT = YES;
			};
			name = Release;
		};
		0928BB3923D7EEB40098FB9B /* Debug */ = {
			isa = XCBuildConfiguration;
			buildSettings = {
				ASSETCATALOG_COMPILER_APPICON_NAME = AppIcon;
				CODE_SIGN_STYLE = Automatic;
				DEVELOPMENT_TEAM = 622WMK9UYQ;
				INFOPLIST_FILE = SwiftStructures/Info.plist;
				LD_RUNPATH_SEARCH_PATHS = (
					"$(inherited)",
					"@executable_path/Frameworks",
				);
				PRODUCT_BUNDLE_IDENTIFIER = com.jakehawken.SwiftStructures;
				PRODUCT_NAME = "$(TARGET_NAME)";
				SWIFT_VERSION = 5.0;
				TARGETED_DEVICE_FAMILY = "1,2";
			};
			name = Debug;
		};
		0928BB3A23D7EEB40098FB9B /* Release */ = {
			isa = XCBuildConfiguration;
			buildSettings = {
				ASSETCATALOG_COMPILER_APPICON_NAME = AppIcon;
				CODE_SIGN_STYLE = Automatic;
				DEVELOPMENT_TEAM = 622WMK9UYQ;
				INFOPLIST_FILE = SwiftStructures/Info.plist;
				LD_RUNPATH_SEARCH_PATHS = (
					"$(inherited)",
					"@executable_path/Frameworks",
				);
				PRODUCT_BUNDLE_IDENTIFIER = com.jakehawken.SwiftStructures;
				PRODUCT_NAME = "$(TARGET_NAME)";
				SWIFT_VERSION = 5.0;
				TARGETED_DEVICE_FAMILY = "1,2";
			};
			name = Release;
		};
		0928BB3C23D7EEB40098FB9B /* Debug */ = {
			isa = XCBuildConfiguration;
			buildSettings = {
				ALWAYS_EMBED_SWIFT_STANDARD_LIBRARIES = YES;
				BUNDLE_LOADER = "$(TEST_HOST)";
				CODE_SIGN_STYLE = Automatic;
				DEVELOPMENT_TEAM = 622WMK9UYQ;
				INFOPLIST_FILE = SwiftStructuresTests/Info.plist;
				IPHONEOS_DEPLOYMENT_TARGET = 13.2;
				LD_RUNPATH_SEARCH_PATHS = (
					"$(inherited)",
					"@executable_path/Frameworks",
					"@loader_path/Frameworks",
				);
				PRODUCT_BUNDLE_IDENTIFIER = com.jakehawken.SwiftStructuresTests;
				PRODUCT_NAME = "$(TARGET_NAME)";
				SWIFT_VERSION = 5.0;
				TARGETED_DEVICE_FAMILY = "1,2";
				TEST_HOST = "$(BUILT_PRODUCTS_DIR)/SwiftStructures.app/SwiftStructures";
			};
			name = Debug;
		};
		0928BB3D23D7EEB40098FB9B /* Release */ = {
			isa = XCBuildConfiguration;
			buildSettings = {
				ALWAYS_EMBED_SWIFT_STANDARD_LIBRARIES = YES;
				BUNDLE_LOADER = "$(TEST_HOST)";
				CODE_SIGN_STYLE = Automatic;
				DEVELOPMENT_TEAM = 622WMK9UYQ;
				INFOPLIST_FILE = SwiftStructuresTests/Info.plist;
				IPHONEOS_DEPLOYMENT_TARGET = 13.2;
				LD_RUNPATH_SEARCH_PATHS = (
					"$(inherited)",
					"@executable_path/Frameworks",
					"@loader_path/Frameworks",
				);
				PRODUCT_BUNDLE_IDENTIFIER = com.jakehawken.SwiftStructuresTests;
				PRODUCT_NAME = "$(TARGET_NAME)";
				SWIFT_VERSION = 5.0;
				TARGETED_DEVICE_FAMILY = "1,2";
				TEST_HOST = "$(BUILT_PRODUCTS_DIR)/SwiftStructures.app/SwiftStructures";
			};
			name = Release;
		};
/* End XCBuildConfiguration section */

/* Begin XCConfigurationList section */
		0928BB1423D7EEB20098FB9B /* Build configuration list for PBXProject "SwiftStructures" */ = {
			isa = XCConfigurationList;
			buildConfigurations = (
				0928BB3623D7EEB40098FB9B /* Debug */,
				0928BB3723D7EEB40098FB9B /* Release */,
			);
			defaultConfigurationIsVisible = 0;
			defaultConfigurationName = Release;
		};
		0928BB3823D7EEB40098FB9B /* Build configuration list for PBXNativeTarget "SwiftStructures" */ = {
			isa = XCConfigurationList;
			buildConfigurations = (
				0928BB3923D7EEB40098FB9B /* Debug */,
				0928BB3A23D7EEB40098FB9B /* Release */,
			);
			defaultConfigurationIsVisible = 0;
			defaultConfigurationName = Release;
		};
		0928BB3B23D7EEB40098FB9B /* Build configuration list for PBXNativeTarget "SwiftStructuresTests" */ = {
			isa = XCConfigurationList;
			buildConfigurations = (
				0928BB3C23D7EEB40098FB9B /* Debug */,
				0928BB3D23D7EEB40098FB9B /* Release */,
			);
			defaultConfigurationIsVisible = 0;
			defaultConfigurationName = Release;
		};
/* End XCConfigurationList section */
	};
	rootObject = 0928BB1123D7EEB20098FB9B /* Project object */;
}
